// !$*UTF8*$!
{
	archiveVersion = 1;
	classes = {
	};
	objectVersion = 50;
	objects = {

/* Begin PBXBuildFile section */
		AC56D75D2804A5E800B558A6 /* AppDelegate.swift in Sources */ = {isa = PBXBuildFile; fileRef = AC56D75C2804A5E800B558A6 /* AppDelegate.swift */; };
		AC56D75F2804A5EA00B558A6 /* Assets.xcassets in Resources */ = {isa = PBXBuildFile; fileRef = AC56D75E2804A5EA00B558A6 /* Assets.xcassets */; };
		AC56D7622804A5EA00B558A6 /* MainMenu.xib in Resources */ = {isa = PBXBuildFile; fileRef = AC56D7602804A5EA00B558A6 /* MainMenu.xib */; };
		AC56D76E2804A5EA00B558A6 /* Swiftware_Stress_AnalyzerTests.swift in Sources */ = {isa = PBXBuildFile; fileRef = AC56D76D2804A5EA00B558A6 /* Swiftware_Stress_AnalyzerTests.swift */; };
		AC56D7792804A5EB00B558A6 /* Swiftware_Stress_AnalyzerUITests.swift in Sources */ = {isa = PBXBuildFile; fileRef = AC56D7782804A5EB00B558A6 /* Swiftware_Stress_AnalyzerUITests.swift */; };
/* End PBXBuildFile section */

/* Begin PBXContainerItemProxy section */
		AC56D76A2804A5EA00B558A6 /* PBXContainerItemProxy */ = {
			isa = PBXContainerItemProxy;
			containerPortal = AC56D7512804A5E800B558A6 /* Project object */;
			proxyType = 1;
			remoteGlobalIDString = AC56D7582804A5E800B558A6;
			remoteInfo = "Swiftware Stress Analyzer";
		};
		AC56D7752804A5EA00B558A6 /* PBXContainerItemProxy */ = {
			isa = PBXContainerItemProxy;
			containerPortal = AC56D7512804A5E800B558A6 /* Project object */;
			proxyType = 1;
			remoteGlobalIDString = AC56D7582804A5E800B558A6;
			remoteInfo = "Swiftware Stress Analyzer";
		};
/* End PBXContainerItemProxy section */

/* Begin PBXFileReference section */
		AC56D7592804A5E800B558A6 /* Swiftware Stress Analyzer.app */ = {isa = PBXFileReference; explicitFileType = wrapper.application; includeInIndex = 0; path = "Swiftware Stress Analyzer.app"; sourceTree = BUILT_PRODUCTS_DIR; };
		AC56D75C2804A5E800B558A6 /* AppDelegate.swift */ = {isa = PBXFileReference; lastKnownFileType = sourcecode.swift; path = AppDelegate.swift; sourceTree = "<group>"; };
		AC56D75E2804A5EA00B558A6 /* Assets.xcassets */ = {isa = PBXFileReference; lastKnownFileType = folder.assetcatalog; path = Assets.xcassets; sourceTree = "<group>"; };
		AC56D7612804A5EA00B558A6 /* Base */ = {isa = PBXFileReference; lastKnownFileType = file.xib; name = Base; path = Base.lproj/MainMenu.xib; sourceTree = "<group>"; };
		AC56D7632804A5EA00B558A6 /* Info.plist */ = {isa = PBXFileReference; lastKnownFileType = text.plist.xml; path = Info.plist; sourceTree = "<group>"; };
		AC56D7642804A5EA00B558A6 /* Swiftware_Stress_Analyzer.entitlements */ = {isa = PBXFileReference; lastKnownFileType = text.plist.entitlements; path = Swiftware_Stress_Analyzer.entitlements; sourceTree = "<group>"; };
		AC56D7692804A5EA00B558A6 /* Swiftware Stress AnalyzerTests.xctest */ = {isa = PBXFileReference; explicitFileType = wrapper.cfbundle; includeInIndex = 0; path = "Swiftware Stress AnalyzerTests.xctest"; sourceTree = BUILT_PRODUCTS_DIR; };
		AC56D76D2804A5EA00B558A6 /* Swiftware_Stress_AnalyzerTests.swift */ = {isa = PBXFileReference; lastKnownFileType = sourcecode.swift; path = Swiftware_Stress_AnalyzerTests.swift; sourceTree = "<group>"; };
		AC56D76F2804A5EA00B558A6 /* Info.plist */ = {isa = PBXFileReference; lastKnownFileType = text.plist.xml; path = Info.plist; sourceTree = "<group>"; };
		AC56D7742804A5EA00B558A6 /* Swiftware Stress AnalyzerUITests.xctest */ = {isa = PBXFileReference; explicitFileType = wrapper.cfbundle; includeInIndex = 0; path = "Swiftware Stress AnalyzerUITests.xctest"; sourceTree = BUILT_PRODUCTS_DIR; };
		AC56D7782804A5EB00B558A6 /* Swiftware_Stress_AnalyzerUITests.swift */ = {isa = PBXFileReference; lastKnownFileType = sourcecode.swift; path = Swiftware_Stress_AnalyzerUITests.swift; sourceTree = "<group>"; };
		AC56D77A2804A5EB00B558A6 /* Info.plist */ = {isa = PBXFileReference; lastKnownFileType = text.plist.xml; path = Info.plist; sourceTree = "<group>"; };
/* End PBXFileReference section */

/* Begin PBXFrameworksBuildPhase section */
		AC56D7562804A5E800B558A6 /* Frameworks */ = {
			isa = PBXFrameworksBuildPhase;
			buildActionMask = 2147483647;
			files = (
			);
			runOnlyForDeploymentPostprocessing = 0;
		};
		AC56D7662804A5EA00B558A6 /* Frameworks */ = {
			isa = PBXFrameworksBuildPhase;
			buildActionMask = 2147483647;
			files = (
			);
			runOnlyForDeploymentPostprocessing = 0;
		};
		AC56D7712804A5EA00B558A6 /* Frameworks */ = {
			isa = PBXFrameworksBuildPhase;
			buildActionMask = 2147483647;
			files = (
			);
			runOnlyForDeploymentPostprocessing = 0;
		};
/* End PBXFrameworksBuildPhase section */

/* Begin PBXGroup section */
		AC56D7502804A5E800B558A6 = {
			isa = PBXGroup;
			children = (
				AC56D75B2804A5E800B558A6 /* Swiftware Stress Analyzer */,
				AC56D76C2804A5EA00B558A6 /* Swiftware Stress AnalyzerTests */,
				AC56D7772804A5EB00B558A6 /* Swiftware Stress AnalyzerUITests */,
				AC56D75A2804A5E800B558A6 /* Products */,
			);
			sourceTree = "<group>";
		};
		AC56D75A2804A5E800B558A6 /* Products */ = {
			isa = PBXGroup;
			children = (
				AC56D7592804A5E800B558A6 /* Swiftware Stress Analyzer.app */,
				AC56D7692804A5EA00B558A6 /* Swiftware Stress AnalyzerTests.xctest */,
				AC56D7742804A5EA00B558A6 /* Swiftware Stress AnalyzerUITests.xctest */,
			);
			name = Products;
			sourceTree = "<group>";
		};
		AC56D75B2804A5E800B558A6 /* Swiftware Stress Analyzer */ = {
			isa = PBXGroup;
			children = (
				AC56D75C2804A5E800B558A6 /* AppDelegate.swift */,
				AC56D75E2804A5EA00B558A6 /* Assets.xcassets */,
				AC56D7602804A5EA00B558A6 /* MainMenu.xib */,
				AC56D7632804A5EA00B558A6 /* Info.plist */,
				AC56D7642804A5EA00B558A6 /* Swiftware_Stress_Analyzer.entitlements */,
			);
			path = "Swiftware Stress Analyzer";
			sourceTree = "<group>";
		};
		AC56D76C2804A5EA00B558A6 /* Swiftware Stress AnalyzerTests */ = {
			isa = PBXGroup;
			children = (
				AC56D76D2804A5EA00B558A6 /* Swiftware_Stress_AnalyzerTests.swift */,
				AC56D76F2804A5EA00B558A6 /* Info.plist */,
			);
			path = "Swiftware Stress AnalyzerTests";
			sourceTree = "<group>";
		};
		AC56D7772804A5EB00B558A6 /* Swiftware Stress AnalyzerUITests */ = {
			isa = PBXGroup;
			children = (
				AC56D7782804A5EB00B558A6 /* Swiftware_Stress_AnalyzerUITests.swift */,
				AC56D77A2804A5EB00B558A6 /* Info.plist */,
			);
			path = "Swiftware Stress AnalyzerUITests";
			sourceTree = "<group>";
		};
/* End PBXGroup section */

/* Begin PBXNativeTarget section */
		AC56D7582804A5E800B558A6 /* Swiftware Stress Analyzer */ = {
			isa = PBXNativeTarget;
			buildConfigurationList = AC56D77D2804A5EB00B558A6 /* Build configuration list for PBXNativeTarget "Swiftware Stress Analyzer" */;
			buildPhases = (
				AC56D7552804A5E800B558A6 /* Sources */,
				AC56D7562804A5E800B558A6 /* Frameworks */,
				AC56D7572804A5E800B558A6 /* Resources */,
			);
			buildRules = (
			);
			dependencies = (
			);
			name = "Swiftware Stress Analyzer";
			productName = "Swiftware Stress Analyzer";
			productReference = AC56D7592804A5E800B558A6 /* Swiftware Stress Analyzer.app */;
			productType = "com.apple.product-type.application";
		};
		AC56D7682804A5EA00B558A6 /* Swiftware Stress AnalyzerTests */ = {
			isa = PBXNativeTarget;
			buildConfigurationList = AC56D7802804A5EB00B558A6 /* Build configuration list for PBXNativeTarget "Swiftware Stress AnalyzerTests" */;
			buildPhases = (
				AC56D7652804A5EA00B558A6 /* Sources */,
				AC56D7662804A5EA00B558A6 /* Frameworks */,
				AC56D7672804A5EA00B558A6 /* Resources */,
			);
			buildRules = (
			);
			dependencies = (
				AC56D76B2804A5EA00B558A6 /* PBXTargetDependency */,
			);
			name = "Swiftware Stress AnalyzerTests";
			productName = "Swiftware Stress AnalyzerTests";
			productReference = AC56D7692804A5EA00B558A6 /* Swiftware Stress AnalyzerTests.xctest */;
			productType = "com.apple.product-type.bundle.unit-test";
		};
		AC56D7732804A5EA00B558A6 /* Swiftware Stress AnalyzerUITests */ = {
			isa = PBXNativeTarget;
			buildConfigurationList = AC56D7832804A5EB00B558A6 /* Build configuration list for PBXNativeTarget "Swiftware Stress AnalyzerUITests" */;
			buildPhases = (
				AC56D7702804A5EA00B558A6 /* Sources */,
				AC56D7712804A5EA00B558A6 /* Frameworks */,
				AC56D7722804A5EA00B558A6 /* Resources */,
			);
			buildRules = (
			);
			dependencies = (
				AC56D7762804A5EA00B558A6 /* PBXTargetDependency */,
			);
			name = "Swiftware Stress AnalyzerUITests";
			productName = "Swiftware Stress AnalyzerUITests";
			productReference = AC56D7742804A5EA00B558A6 /* Swiftware Stress AnalyzerUITests.xctest */;
			productType = "com.apple.product-type.bundle.ui-testing";
		};
/* End PBXNativeTarget section */

/* Begin PBXProject section */
		AC56D7512804A5E800B558A6 /* Project object */ = {
			isa = PBXProject;
			attributes = {
				LastSwiftUpdateCheck = 1240;
				LastUpgradeCheck = 1240;
				TargetAttributes = {
					AC56D7582804A5E800B558A6 = {
						CreatedOnToolsVersion = 12.4;
					};
					AC56D7682804A5EA00B558A6 = {
						CreatedOnToolsVersion = 12.4;
						TestTargetID = AC56D7582804A5E800B558A6;
					};
					AC56D7732804A5EA00B558A6 = {
						CreatedOnToolsVersion = 12.4;
						TestTargetID = AC56D7582804A5E800B558A6;
					};
				};
			};
			buildConfigurationList = AC56D7542804A5E800B558A6 /* Build configuration list for PBXProject "Swiftware Stress Analyzer" */;
			compatibilityVersion = "Xcode 9.3";
			developmentRegion = en;
			hasScannedForEncodings = 0;
			knownRegions = (
				en,
				Base,
			);
			mainGroup = AC56D7502804A5E800B558A6;
			productRefGroup = AC56D75A2804A5E800B558A6 /* Products */;
			projectDirPath = "";
			projectRoot = "";
			targets = (
				AC56D7582804A5E800B558A6 /* Swiftware Stress Analyzer */,
				AC56D7682804A5EA00B558A6 /* Swiftware Stress AnalyzerTests */,
				AC56D7732804A5EA00B558A6 /* Swiftware Stress AnalyzerUITests */,
			);
		};
/* End PBXProject section */

/* Begin PBXResourcesBuildPhase section */
		AC56D7572804A5E800B558A6 /* Resources */ = {
			isa = PBXResourcesBuildPhase;
			buildActionMask = 2147483647;
			files = (
				AC56D75F2804A5EA00B558A6 /* Assets.xcassets in Resources */,
				AC56D7622804A5EA00B558A6 /* MainMenu.xib in Resources */,
			);
			runOnlyForDeploymentPostprocessing = 0;
		};
		AC56D7672804A5EA00B558A6 /* Resources */ = {
			isa = PBXResourcesBuildPhase;
			buildActionMask = 2147483647;
			files = (
			);
			runOnlyForDeploymentPostprocessing = 0;
		};
		AC56D7722804A5EA00B558A6 /* Resources */ = {
			isa = PBXResourcesBuildPhase;
			buildActionMask = 2147483647;
			files = (
			);
			runOnlyForDeploymentPostprocessing = 0;
		};
/* End PBXResourcesBuildPhase section */

/* Begin PBXSourcesBuildPhase section */
		AC56D7552804A5E800B558A6 /* Sources */ = {
			isa = PBXSourcesBuildPhase;
			buildActionMask = 2147483647;
			files = (
				AC56D75D2804A5E800B558A6 /* AppDelegate.swift in Sources */,
			);
			runOnlyForDeploymentPostprocessing = 0;
		};
		AC56D7652804A5EA00B558A6 /* Sources */ = {
			isa = PBXSourcesBuildPhase;
			buildActionMask = 2147483647;
			files = (
				AC56D76E2804A5EA00B558A6 /* Swiftware_Stress_AnalyzerTests.swift in Sources */,
			);
			runOnlyForDeploymentPostprocessing = 0;
		};
		AC56D7702804A5EA00B558A6 /* Sources */ = {
			isa = PBXSourcesBuildPhase;
			buildActionMask = 2147483647;
			files = (
				AC56D7792804A5EB00B558A6 /* Swiftware_Stress_AnalyzerUITests.swift in Sources */,
			);
			runOnlyForDeploymentPostprocessing = 0;
		};
/* End PBXSourcesBuildPhase section */

/* Begin PBXTargetDependency section */
		AC56D76B2804A5EA00B558A6 /* PBXTargetDependency */ = {
			isa = PBXTargetDependency;
			target = AC56D7582804A5E800B558A6 /* Swiftware Stress Analyzer */;
			targetProxy = AC56D76A2804A5EA00B558A6 /* PBXContainerItemProxy */;
		};
		AC56D7762804A5EA00B558A6 /* PBXTargetDependency */ = {
			isa = PBXTargetDependency;
			target = AC56D7582804A5E800B558A6 /* Swiftware Stress Analyzer */;
			targetProxy = AC56D7752804A5EA00B558A6 /* PBXContainerItemProxy */;
		};
/* End PBXTargetDependency section */

/* Begin PBXVariantGroup section */
		AC56D7602804A5EA00B558A6 /* MainMenu.xib */ = {
			isa = PBXVariantGroup;
			children = (
				AC56D7612804A5EA00B558A6 /* Base */,
			);
			name = MainMenu.xib;
			sourceTree = "<group>";
		};
/* End PBXVariantGroup section */

/* Begin XCBuildConfiguration section */
		AC56D77B2804A5EB00B558A6 /* Debug */ = {
			isa = XCBuildConfiguration;
			buildSettings = {
				ALWAYS_SEARCH_USER_PATHS = NO;
				CLANG_ANALYZER_NONNULL = YES;
				CLANG_ANALYZER_NUMBER_OBJECT_CONVERSION = YES_AGGRESSIVE;
				CLANG_CXX_LANGUAGE_STANDARD = "gnu++14";
				CLANG_CXX_LIBRARY = "libc++";
				CLANG_ENABLE_MODULES = YES;
				CLANG_ENABLE_OBJC_ARC = YES;
				CLANG_ENABLE_OBJC_WEAK = YES;
				CLANG_WARN_BLOCK_CAPTURE_AUTORELEASING = YES;
				CLANG_WARN_BOOL_CONVERSION = YES;
				CLANG_WARN_COMMA = YES;
				CLANG_WARN_CONSTANT_CONVERSION = YES;
				CLANG_WARN_DEPRECATED_OBJC_IMPLEMENTATIONS = YES;
				CLANG_WARN_DIRECT_OBJC_ISA_USAGE = YES_ERROR;
				CLANG_WARN_DOCUMENTATION_COMMENTS = YES;
				CLANG_WARN_EMPTY_BODY = YES;
				CLANG_WARN_ENUM_CONVERSION = YES;
				CLANG_WARN_INFINITE_RECURSION = YES;
				CLANG_WARN_INT_CONVERSION = YES;
				CLANG_WARN_NON_LITERAL_NULL_CONVERSION = YES;
				CLANG_WARN_OBJC_IMPLICIT_RETAIN_SELF = YES;
				CLANG_WARN_OBJC_LITERAL_CONVERSION = YES;
				CLANG_WARN_OBJC_ROOT_CLASS = YES_ERROR;
				CLANG_WARN_QUOTED_INCLUDE_IN_FRAMEWORK_HEADER = YES;
				CLANG_WARN_RANGE_LOOP_ANALYSIS = YES;
				CLANG_WARN_STRICT_PROTOTYPES = YES;
				CLANG_WARN_SUSPICIOUS_MOVE = YES;
				CLANG_WARN_UNGUARDED_AVAILABILITY = YES_AGGRESSIVE;
				CLANG_WARN_UNREACHABLE_CODE = YES;
				CLANG_WARN__DUPLICATE_METHOD_MATCH = YES;
				COPY_PHASE_STRIP = NO;
				DEBUG_INFORMATION_FORMAT = dwarf;
				ENABLE_STRICT_OBJC_MSGSEND = YES;
				ENABLE_TESTABILITY = YES;
				GCC_C_LANGUAGE_STANDARD = gnu11;
				GCC_DYNAMIC_NO_PIC = NO;
				GCC_NO_COMMON_BLOCKS = YES;
				GCC_OPTIMIZATION_LEVEL = 0;
				GCC_PREPROCESSOR_DEFINITIONS = (
					"DEBUG=1",
					"$(inherited)",
				);
				GCC_WARN_64_TO_32_BIT_CONVERSION = YES;
				GCC_WARN_ABOUT_RETURN_TYPE = YES_ERROR;
				GCC_WARN_UNDECLARED_SELECTOR = YES;
				GCC_WARN_UNINITIALIZED_AUTOS = YES_AGGRESSIVE;
				GCC_WARN_UNUSED_FUNCTION = YES;
				GCC_WARN_UNUSED_VARIABLE = YES;
				MACOSX_DEPLOYMENT_TARGET = 10.15;
				MTL_ENABLE_DEBUG_INFO = INCLUDE_SOURCE;
				MTL_FAST_MATH = YES;
				ONLY_ACTIVE_ARCH = YES;
				SDKROOT = macosx;
				SWIFT_ACTIVE_COMPILATION_CONDITIONS = DEBUG;
				SWIFT_OPTIMIZATION_LEVEL = "-Onone";
			};
			name = Debug;
		};
		AC56D77C2804A5EB00B558A6 /* Release */ = {
			isa = XCBuildConfiguration;
			buildSettings = {
				ALWAYS_SEARCH_USER_PATHS = NO;
				CLANG_ANALYZER_NONNULL = YES;
				CLANG_ANALYZER_NUMBER_OBJECT_CONVERSION = YES_AGGRESSIVE;
				CLANG_CXX_LANGUAGE_STANDARD = "gnu++14";
				CLANG_CXX_LIBRARY = "libc++";
				CLANG_ENABLE_MODULES = YES;
				CLANG_ENABLE_OBJC_ARC = YES;
				CLANG_ENABLE_OBJC_WEAK = YES;
				CLANG_WARN_BLOCK_CAPTURE_AUTORELEASING = YES;
				CLANG_WARN_BOOL_CONVERSION = YES;
				CLANG_WARN_COMMA = YES;
				CLANG_WARN_CONSTANT_CONVERSION = YES;
				CLANG_WARN_DEPRECATED_OBJC_IMPLEMENTATIONS = YES;
				CLANG_WARN_DIRECT_OBJC_ISA_USAGE = YES_ERROR;
				CLANG_WARN_DOCUMENTATION_COMMENTS = YES;
				CLANG_WARN_EMPTY_BODY = YES;
				CLANG_WARN_ENUM_CONVERSION = YES;
				CLANG_WARN_INFINITE_RECURSION = YES;
				CLANG_WARN_INT_CONVERSION = YES;
				CLANG_WARN_NON_LITERAL_NULL_CONVERSION = YES;
				CLANG_WARN_OBJC_IMPLICIT_RETAIN_SELF = YES;
				CLANG_WARN_OBJC_LITERAL_CONVERSION = YES;
				CLANG_WARN_OBJC_ROOT_CLASS = YES_ERROR;
				CLANG_WARN_QUOTED_INCLUDE_IN_FRAMEWORK_HEADER = YES;
				CLANG_WARN_RANGE_LOOP_ANALYSIS = YES;
				CLANG_WARN_STRICT_PROTOTYPES = YES;
				CLANG_WARN_SUSPICIOUS_MOVE = YES;
				CLANG_WARN_UNGUARDED_AVAILABILITY = YES_AGGRESSIVE;
				CLANG_WARN_UNREACHABLE_CODE = YES;
				CLANG_WARN__DUPLICATE_METHOD_MATCH = YES;
				COPY_PHASE_STRIP = NO;
				DEBUG_INFORMATION_FORMAT = "dwarf-with-dsym";
				ENABLE_NS_ASSERTIONS = NO;
				ENABLE_STRICT_OBJC_MSGSEND = YES;
				GCC_C_LANGUAGE_STANDARD = gnu11;
				GCC_NO_COMMON_BLOCKS = YES;
				GCC_WARN_64_TO_32_BIT_CONVERSION = YES;
				GCC_WARN_ABOUT_RETURN_TYPE = YES_ERROR;
				GCC_WARN_UNDECLARED_SELECTOR = YES;
				GCC_WARN_UNINITIALIZED_AUTOS = YES_AGGRESSIVE;
				GCC_WARN_UNUSED_FUNCTION = YES;
				GCC_WARN_UNUSED_VARIABLE = YES;
				MACOSX_DEPLOYMENT_TARGET = 10.15;
				MTL_ENABLE_DEBUG_INFO = NO;
				MTL_FAST_MATH = YES;
				SDKROOT = macosx;
				SWIFT_COMPILATION_MODE = wholemodule;
				SWIFT_OPTIMIZATION_LEVEL = "-O";
			};
			name = Release;
		};
		AC56D77E2804A5EB00B558A6 /* Debug */ = {
			isa = XCBuildConfiguration;
			buildSettings = {
				ASSETCATALOG_COMPILER_APPICON_NAME = AppIcon;
				ASSETCATALOG_COMPILER_GLOBAL_ACCENT_COLOR_NAME = AccentColor;
				CODE_SIGN_ENTITLEMENTS = "Swiftware Stress Analyzer/Swiftware_Stress_Analyzer.entitlements";
				CODE_SIGN_STYLE = Automatic;
				COMBINE_HIDPI_IMAGES = YES;
				DEVELOPMENT_TEAM = YSHDDUKZCZ;
				ENABLE_HARDENED_RUNTIME = YES;
				INFOPLIST_FILE = "Swiftware Stress Analyzer/Info.plist";
				LD_RUNPATH_SEARCH_PATHS = (
					"$(inherited)",
					"@executable_path/../Frameworks",
				);
				PRODUCT_BUNDLE_IDENTIFIER = "rookieware.Swiftware-Stress-Analyzer";
				PRODUCT_NAME = "$(TARGET_NAME)";
				SWIFT_VERSION = 5.0;
			};
			name = Debug;
		};
		AC56D77F2804A5EB00B558A6 /* Release */ = {
			isa = XCBuildConfiguration;
			buildSettings = {
				ASSETCATALOG_COMPILER_APPICON_NAME = AppIcon;
				ASSETCATALOG_COMPILER_GLOBAL_ACCENT_COLOR_NAME = AccentColor;
				CODE_SIGN_ENTITLEMENTS = "Swiftware Stress Analyzer/Swiftware_Stress_Analyzer.entitlements";
				CODE_SIGN_STYLE = Automatic;
				COMBINE_HIDPI_IMAGES = YES;
				DEVELOPMENT_TEAM = YSHDDUKZCZ;
				ENABLE_HARDENED_RUNTIME = YES;
				INFOPLIST_FILE = "Swiftware Stress Analyzer/Info.plist";
				LD_RUNPATH_SEARCH_PATHS = (
					"$(inherited)",
					"@executable_path/../Frameworks",
				);
				PRODUCT_BUNDLE_IDENTIFIER = "rookieware.Swiftware-Stress-Analyzer";
				PRODUCT_NAME = "$(TARGET_NAME)";
				SWIFT_VERSION = 5.0;
			};
			name = Release;
		};
		AC56D7812804A5EB00B558A6 /* Debug */ = {
			isa = XCBuildConfiguration;
			buildSettings = {
				ALWAYS_EMBED_SWIFT_STANDARD_LIBRARIES = YES;
				BUNDLE_LOADER = "$(TEST_HOST)";
				CODE_SIGN_STYLE = Automatic;
				COMBINE_HIDPI_IMAGES = YES;
				DEVELOPMENT_TEAM = YSHDDUKZCZ;
				INFOPLIST_FILE = "Swiftware Stress AnalyzerTests/Info.plist";
				LD_RUNPATH_SEARCH_PATHS = (
					"$(inherited)",
					"@executable_path/../Frameworks",
					"@loader_path/../Frameworks",
				);
				MACOSX_DEPLOYMENT_TARGET = 10.15;
				PRODUCT_BUNDLE_IDENTIFIER = "rookieware.Swiftware-Stress-AnalyzerTests";
				PRODUCT_NAME = "$(TARGET_NAME)";
				SWIFT_VERSION = 5.0;
				TEST_HOST = "$(BUILT_PRODUCTS_DIR)/Swiftware Stress Analyzer.app/Contents/MacOS/Swiftware Stress Analyzer";
			};
			name = Debug;
		};
		AC56D7822804A5EB00B558A6 /* Release */ = {
			isa = XCBuildConfiguration;
			buildSettings = {
				ALWAYS_EMBED_SWIFT_STANDARD_LIBRARIES = YES;
				BUNDLE_LOADER = "$(TEST_HOST)";
				CODE_SIGN_STYLE = Automatic;
				COMBINE_HIDPI_IMAGES = YES;
				DEVELOPMENT_TEAM = YSHDDUKZCZ;
				INFOPLIST_FILE = "Swiftware Stress AnalyzerTests/Info.plist";
				LD_RUNPATH_SEARCH_PATHS = (
					"$(inherited)",
					"@executable_path/../Frameworks",
					"@loader_path/../Frameworks",
				);
				MACOSX_DEPLOYMENT_TARGET = 10.15;
				PRODUCT_BUNDLE_IDENTIFIER = "rookieware.Swiftware-Stress-AnalyzerTests";
				PRODUCT_NAME = "$(TARGET_NAME)";
				SWIFT_VERSION = 5.0;
				TEST_HOST = "$(BUILT_PRODUCTS_DIR)/Swiftware Stress Analyzer.app/Contents/MacOS/Swiftware Stress Analyzer";
			};
			name = Release;
		};
		AC56D7842804A5EB00B558A6 /* Debug */ = {
			isa = XCBuildConfiguration;
			buildSettings = {
				ALWAYS_EMBED_SWIFT_STANDARD_LIBRARIES = YES;
				CODE_SIGN_STYLE = Automatic;
				COMBINE_HIDPI_IMAGES = YES;
				DEVELOPMENT_TEAM = YSHDDUKZCZ;
				INFOPLIST_FILE = "Swiftware Stress AnalyzerUITests/Info.plist";
				LD_RUNPATH_SEARCH_PATHS = (
					"$(inherited)",
					"@executable_path/../Frameworks",
					"@loader_path/../Frameworks",
				);
				PRODUCT_BUNDLE_IDENTIFIER = "rookieware.Swiftware-Stress-AnalyzerUITests";
				PRODUCT_NAME = "$(TARGET_NAME)";
				SWIFT_VERSION = 5.0;
				TEST_TARGET_NAME = "Swiftware Stress Analyzer";
			};
			name = Debug;
		};
		AC56D7852804A5EB00B558A6 /* Release */ = {
			isa = XCBuildConfiguration;
			buildSettings = {
				ALWAYS_EMBED_SWIFT_STANDARD_LIBRARIES = YES;
				CODE_SIGN_STYLE = Automatic;
				COMBINE_HIDPI_IMAGES = YES;
				DEVELOPMENT_TEAM = YSHDDUKZCZ;
				INFOPLIST_FILE = "Swiftware Stress AnalyzerUITests/Info.plist";
				LD_RUNPATH_SEARCH_PATHS = (
					"$(inherited)",
					"@executable_path/../Frameworks",
					"@loader_path/../Frameworks",
				);
				PRODUCT_BUNDLE_IDENTIFIER = "rookieware.Swiftware-Stress-AnalyzerUITests";
				PRODUCT_NAME = "$(TARGET_NAME)";
				SWIFT_VERSION = 5.0;
				TEST_TARGET_NAME = "Swiftware Stress Analyzer";
			};
			name = Release;
		};
/* End XCBuildConfiguration section */

/* Begin XCConfigurationList section */
		AC56D7542804A5E800B558A6 /* Build configuration list for PBXProject "Swiftware Stress Analyzer" */ = {
			isa = XCConfigurationList;
			buildConfigurations = (
				AC56D77B2804A5EB00B558A6 /* Debug */,
				AC56D77C2804A5EB00B558A6 /* Release */,
			);
			defaultConfigurationIsVisible = 0;
			defaultConfigurationName = Release;
		};
		AC56D77D2804A5EB00B558A6 /* Build configuration list for PBXNativeTarget "Swiftware Stress Analyzer" */ = {
			isa = XCConfigurationList;
			buildConfigurations = (
				AC56D77E2804A5EB00B558A6 /* Debug */,
				AC56D77F2804A5EB00B558A6 /* Release */,
			);
			defaultConfigurationIsVisible = 0;
			defaultConfigurationName = Release;
		};
		AC56D7802804A5EB00B558A6 /* Build configuration list for PBXNativeTarget "Swiftware Stress AnalyzerTests" */ = {
			isa = XCConfigurationList;
			buildConfigurations = (
				AC56D7812804A5EB00B558A6 /* Debug */,
				AC56D7822804A5EB00B558A6 /* Release */,
			);
			defaultConfigurationIsVisible = 0;
			defaultConfigurationName = Release;
		};
		AC56D7832804A5EB00B558A6 /* Build configuration list for PBXNativeTarget "Swiftware Stress AnalyzerUITests" */ = {
			isa = XCConfigurationList;
			buildConfigurations = (
				AC56D7842804A5EB00B558A6 /* Debug */,
				AC56D7852804A5EB00B558A6 /* Release */,
			);
			defaultConfigurationIsVisible = 0;
			defaultConfigurationName = Release;
		};
/* End XCConfigurationList section */
	};
	rootObject = AC56D7512804A5E800B558A6 /* Project object */;
}
