// !$*UTF8*$!
{
	archiveVersion = 1;
	classes = {
	};
	objectVersion = 55;
	objects = {

/* Begin PBXBuildFile section */
		D2839A6228236C120007BABB /* Stress_AnalyzerApp.swift in Sources */ = {isa = PBXBuildFile; fileRef = D2839A6128236C120007BABB /* Stress_AnalyzerApp.swift */; };
		D2839A6428236C120007BABB /* ContentView.swift in Sources */ = {isa = PBXBuildFile; fileRef = D2839A6328236C120007BABB /* ContentView.swift */; };
		D2839A6628236C180007BABB /* Assets.xcassets in Resources */ = {isa = PBXBuildFile; fileRef = D2839A6528236C180007BABB /* Assets.xcassets */; };
		D2839A6928236C180007BABB /* Preview Assets.xcassets in Resources */ = {isa = PBXBuildFile; fileRef = D2839A6828236C180007BABB /* Preview Assets.xcassets */; };
		D2839A7328236C180007BABB /* Stress_AnalyzerTests.swift in Sources */ = {isa = PBXBuildFile; fileRef = D2839A7228236C180007BABB /* Stress_AnalyzerTests.swift */; };
		D2839A7D28236C180007BABB /* Stress_AnalyzerUITests.swift in Sources */ = {isa = PBXBuildFile; fileRef = D2839A7C28236C180007BABB /* Stress_AnalyzerUITests.swift */; };
		D2839A7F28236C180007BABB /* Stress_AnalyzerUITestsLaunchTests.swift in Sources */ = {isa = PBXBuildFile; fileRef = D2839A7E28236C180007BABB /* Stress_AnalyzerUITestsLaunchTests.swift */; };
		D2839A8C28236F2E0007BABB /* UserSearchView.swift in Sources */ = {isa = PBXBuildFile; fileRef = D2839A8B28236F2E0007BABB /* UserSearchView.swift */; };
		D2839A8D28236F2E0007BABB /* UserSearchView.swift in Sources */ = {isa = PBXBuildFile; fileRef = D2839A8B28236F2E0007BABB /* UserSearchView.swift */; };
		D2839A8E28236F2E0007BABB /* UserSearchView.swift in Sources */ = {isa = PBXBuildFile; fileRef = D2839A8B28236F2E0007BABB /* UserSearchView.swift */; };
		D2839A95282374F00007BABB /* SurveyResponse.swift in Sources */ = {isa = PBXBuildFile; fileRef = D2839A92282374EF0007BABB /* SurveyResponse.swift */; };
		D2839A96282374F00007BABB /* SurveyResponse.swift in Sources */ = {isa = PBXBuildFile; fileRef = D2839A92282374EF0007BABB /* SurveyResponse.swift */; };
		D2839A97282374F00007BABB /* SurveyResponse.swift in Sources */ = {isa = PBXBuildFile; fileRef = D2839A92282374EF0007BABB /* SurveyResponse.swift */; };
		D2839A98282374F00007BABB /* ChartData.swift in Sources */ = {isa = PBXBuildFile; fileRef = D2839A93282374EF0007BABB /* ChartData.swift */; };
		D2839A99282374F00007BABB /* ChartData.swift in Sources */ = {isa = PBXBuildFile; fileRef = D2839A93282374EF0007BABB /* ChartData.swift */; };
		D2839A9A282374F00007BABB /* ChartData.swift in Sources */ = {isa = PBXBuildFile; fileRef = D2839A93282374EF0007BABB /* ChartData.swift */; };
		D2839A9B282374F00007BABB /* Survey.swift in Sources */ = {isa = PBXBuildFile; fileRef = D2839A94282374EF0007BABB /* Survey.swift */; };
		D2839A9C282374F00007BABB /* Survey.swift in Sources */ = {isa = PBXBuildFile; fileRef = D2839A94282374EF0007BABB /* Survey.swift */; };
		D2839A9D282374F00007BABB /* Survey.swift in Sources */ = {isa = PBXBuildFile; fileRef = D2839A94282374EF0007BABB /* Survey.swift */; };
		D2839A9F282375A80007BABB /* SurveyViewModel.swift in Sources */ = {isa = PBXBuildFile; fileRef = D2839A9E282375A80007BABB /* SurveyViewModel.swift */; };
		D2839AA0282375A80007BABB /* SurveyViewModel.swift in Sources */ = {isa = PBXBuildFile; fileRef = D2839A9E282375A80007BABB /* SurveyViewModel.swift */; };
		D2839AA1282375A80007BABB /* SurveyViewModel.swift in Sources */ = {isa = PBXBuildFile; fileRef = D2839A9E282375A80007BABB /* SurveyViewModel.swift */; };
		D2839AA328237C390007BABB /* SurveyResponseViewModel.swift in Sources */ = {isa = PBXBuildFile; fileRef = D2839AA228237C390007BABB /* SurveyResponseViewModel.swift */; };
		D2839AA428237C390007BABB /* SurveyResponseViewModel.swift in Sources */ = {isa = PBXBuildFile; fileRef = D2839AA228237C390007BABB /* SurveyResponseViewModel.swift */; };
		D2839AA528237C390007BABB /* SurveyResponseViewModel.swift in Sources */ = {isa = PBXBuildFile; fileRef = D2839AA228237C390007BABB /* SurveyResponseViewModel.swift */; };
		D2F340452825721700DB74FB /* AnalyticsViewModel.swift in Sources */ = {isa = PBXBuildFile; fileRef = D2F340442825721700DB74FB /* AnalyticsViewModel.swift */; };
		D2F340462825721700DB74FB /* AnalyticsViewModel.swift in Sources */ = {isa = PBXBuildFile; fileRef = D2F340442825721700DB74FB /* AnalyticsViewModel.swift */; };
		D2F340472825721700DB74FB /* AnalyticsViewModel.swift in Sources */ = {isa = PBXBuildFile; fileRef = D2F340442825721700DB74FB /* AnalyticsViewModel.swift */; };
		E33CA61628279D7B006DA080 /* BarGraphView.swift in Sources */ = {isa = PBXBuildFile; fileRef = E33CA61528279D7B006DA080 /* BarGraphView.swift */; };
		E33CA61728279D7B006DA080 /* BarGraphView.swift in Sources */ = {isa = PBXBuildFile; fileRef = E33CA61528279D7B006DA080 /* BarGraphView.swift */; };
		E33CA61828279D7B006DA080 /* BarGraphView.swift in Sources */ = {isa = PBXBuildFile; fileRef = E33CA61528279D7B006DA080 /* BarGraphView.swift */; };
/* End PBXBuildFile section */

/* Begin PBXContainerItemProxy section */
		D2839A6F28236C180007BABB /* PBXContainerItemProxy */ = {
			isa = PBXContainerItemProxy;
			containerPortal = D2839A5628236C120007BABB /* Project object */;
			proxyType = 1;
			remoteGlobalIDString = D2839A5D28236C120007BABB;
			remoteInfo = "Stress Analyzer";
		};
		D2839A7928236C180007BABB /* PBXContainerItemProxy */ = {
			isa = PBXContainerItemProxy;
			containerPortal = D2839A5628236C120007BABB /* Project object */;
			proxyType = 1;
			remoteGlobalIDString = D2839A5D28236C120007BABB;
			remoteInfo = "Stress Analyzer";
		};
/* End PBXContainerItemProxy section */

/* Begin PBXFileReference section */
		D2839A5E28236C120007BABB /* Stress Analyzer.app */ = {isa = PBXFileReference; explicitFileType = wrapper.application; includeInIndex = 0; path = "Stress Analyzer.app"; sourceTree = BUILT_PRODUCTS_DIR; };
		D2839A6128236C120007BABB /* Stress_AnalyzerApp.swift */ = {isa = PBXFileReference; lastKnownFileType = sourcecode.swift; path = Stress_AnalyzerApp.swift; sourceTree = "<group>"; };
		D2839A6328236C120007BABB /* ContentView.swift */ = {isa = PBXFileReference; lastKnownFileType = sourcecode.swift; path = ContentView.swift; sourceTree = "<group>"; };
		D2839A6528236C180007BABB /* Assets.xcassets */ = {isa = PBXFileReference; lastKnownFileType = folder.assetcatalog; path = Assets.xcassets; sourceTree = "<group>"; };
		D2839A6828236C180007BABB /* Preview Assets.xcassets */ = {isa = PBXFileReference; lastKnownFileType = folder.assetcatalog; path = "Preview Assets.xcassets"; sourceTree = "<group>"; };
		D2839A6E28236C180007BABB /* Stress AnalyzerTests.xctest */ = {isa = PBXFileReference; explicitFileType = wrapper.cfbundle; includeInIndex = 0; path = "Stress AnalyzerTests.xctest"; sourceTree = BUILT_PRODUCTS_DIR; };
		D2839A7228236C180007BABB /* Stress_AnalyzerTests.swift */ = {isa = PBXFileReference; lastKnownFileType = sourcecode.swift; path = Stress_AnalyzerTests.swift; sourceTree = "<group>"; };
		D2839A7828236C180007BABB /* Stress AnalyzerUITests.xctest */ = {isa = PBXFileReference; explicitFileType = wrapper.cfbundle; includeInIndex = 0; path = "Stress AnalyzerUITests.xctest"; sourceTree = BUILT_PRODUCTS_DIR; };
		D2839A7C28236C180007BABB /* Stress_AnalyzerUITests.swift */ = {isa = PBXFileReference; lastKnownFileType = sourcecode.swift; path = Stress_AnalyzerUITests.swift; sourceTree = "<group>"; };
		D2839A7E28236C180007BABB /* Stress_AnalyzerUITestsLaunchTests.swift */ = {isa = PBXFileReference; lastKnownFileType = sourcecode.swift; path = Stress_AnalyzerUITestsLaunchTests.swift; sourceTree = "<group>"; };
		D2839A8B28236F2E0007BABB /* UserSearchView.swift */ = {isa = PBXFileReference; lastKnownFileType = sourcecode.swift; path = UserSearchView.swift; sourceTree = "<group>"; };
		D2839A92282374EF0007BABB /* SurveyResponse.swift */ = {isa = PBXFileReference; fileEncoding = 4; lastKnownFileType = sourcecode.swift; path = SurveyResponse.swift; sourceTree = "<group>"; };
		D2839A93282374EF0007BABB /* ChartData.swift */ = {isa = PBXFileReference; fileEncoding = 4; lastKnownFileType = sourcecode.swift; path = ChartData.swift; sourceTree = "<group>"; };
		D2839A94282374EF0007BABB /* Survey.swift */ = {isa = PBXFileReference; fileEncoding = 4; lastKnownFileType = sourcecode.swift; path = Survey.swift; sourceTree = "<group>"; };
		D2839A9E282375A80007BABB /* SurveyViewModel.swift */ = {isa = PBXFileReference; lastKnownFileType = sourcecode.swift; path = SurveyViewModel.swift; sourceTree = "<group>"; };
		D2839AA228237C390007BABB /* SurveyResponseViewModel.swift */ = {isa = PBXFileReference; lastKnownFileType = sourcecode.swift; path = SurveyResponseViewModel.swift; sourceTree = "<group>"; };
		D2839AAB28238A550007BABB /* Stress-Analyzer-Info.plist */ = {isa = PBXFileReference; lastKnownFileType = text.plist; path = "Stress-Analyzer-Info.plist"; sourceTree = SOURCE_ROOT; };
		D2F340442825721700DB74FB /* AnalyticsViewModel.swift */ = {isa = PBXFileReference; lastKnownFileType = sourcecode.swift; path = AnalyticsViewModel.swift; sourceTree = "<group>"; };
		E33CA61528279D7B006DA080 /* BarGraphView.swift */ = {isa = PBXFileReference; lastKnownFileType = sourcecode.swift; name = BarGraphView.swift; path = "Stress analyzer/Views/BarGraphView.swift"; sourceTree = SOURCE_ROOT; };
/* End PBXFileReference section */

/* Begin PBXFrameworksBuildPhase section */
		D2839A5B28236C120007BABB /* Frameworks */ = {
			isa = PBXFrameworksBuildPhase;
			buildActionMask = 2147483647;
			files = (
			);
			runOnlyForDeploymentPostprocessing = 0;
		};
		D2839A6B28236C180007BABB /* Frameworks */ = {
			isa = PBXFrameworksBuildPhase;
			buildActionMask = 2147483647;
			files = (
			);
			runOnlyForDeploymentPostprocessing = 0;
		};
		D2839A7528236C180007BABB /* Frameworks */ = {
			isa = PBXFrameworksBuildPhase;
			buildActionMask = 2147483647;
			files = (
			);
			runOnlyForDeploymentPostprocessing = 0;
		};
/* End PBXFrameworksBuildPhase section */

/* Begin PBXGroup section */
		D2839A5528236C120007BABB = {
			isa = PBXGroup;
			children = (
				D2839A6028236C120007BABB /* Stress Analyzer */,
				D2839A7128236C180007BABB /* Stress AnalyzerTests */,
				D2839A7B28236C180007BABB /* Stress AnalyzerUITests */,
				D2839A5F28236C120007BABB /* Products */,
			);
			sourceTree = "<group>";
		};
		D2839A5F28236C120007BABB /* Products */ = {
			isa = PBXGroup;
			children = (
				D2839A5E28236C120007BABB /* Stress Analyzer.app */,
				D2839A6E28236C180007BABB /* Stress AnalyzerTests.xctest */,
				D2839A7828236C180007BABB /* Stress AnalyzerUITests.xctest */,
			);
			name = Products;
			sourceTree = "<group>";
		};
		D2839A6028236C120007BABB /* Stress Analyzer */ = {
			isa = PBXGroup;
			children = (
				D2839AAB28238A550007BABB /* Stress-Analyzer-Info.plist */,
				D2839A6128236C120007BABB /* Stress_AnalyzerApp.swift */,
				D2839A6328236C120007BABB /* ContentView.swift */,
				D2839A9128236F660007BABB /* ViewModels */,
				D2839A9028236F600007BABB /* Models */,
				D2839A8F28236F520007BABB /* Views */,
				D2839A6528236C180007BABB /* Assets.xcassets */,
				D2839A6728236C180007BABB /* Preview Content */,
			);
			path = "Stress Analyzer";
			sourceTree = "<group>";
		};
		D2839A6728236C180007BABB /* Preview Content */ = {
			isa = PBXGroup;
			children = (
				D2839A6828236C180007BABB /* Preview Assets.xcassets */,
			);
			path = "Preview Content";
			sourceTree = "<group>";
		};
		D2839A7128236C180007BABB /* Stress AnalyzerTests */ = {
			isa = PBXGroup;
			children = (
				D2839A7228236C180007BABB /* Stress_AnalyzerTests.swift */,
			);
			path = "Stress AnalyzerTests";
			sourceTree = "<group>";
		};
		D2839A7B28236C180007BABB /* Stress AnalyzerUITests */ = {
			isa = PBXGroup;
			children = (
				D2839A7C28236C180007BABB /* Stress_AnalyzerUITests.swift */,
				D2839A7E28236C180007BABB /* Stress_AnalyzerUITestsLaunchTests.swift */,
			);
			path = "Stress AnalyzerUITests";
			sourceTree = "<group>";
		};
		D2839A8F28236F520007BABB /* Views */ = {
			isa = PBXGroup;
			children = (
				D2839A8B28236F2E0007BABB /* UserSearchView.swift */,
				E33CA61528279D7B006DA080 /* BarGraphView.swift */,
			);
			path = Views;
			sourceTree = "<group>";
		};
		D2839A9028236F600007BABB /* Models */ = {
			isa = PBXGroup;
			children = (
				D2839A93282374EF0007BABB /* ChartData.swift */,
				D2839A94282374EF0007BABB /* Survey.swift */,
				D2839A92282374EF0007BABB /* SurveyResponse.swift */,
			);
			path = Models;
			sourceTree = "<group>";
		};
		D2839A9128236F660007BABB /* ViewModels */ = {
			isa = PBXGroup;
			children = (
				D2839A9E282375A80007BABB /* SurveyViewModel.swift */,
				D2F340442825721700DB74FB /* AnalyticsViewModel.swift */,
				D2839AA228237C390007BABB /* SurveyResponseViewModel.swift */,
			);
			path = ViewModels;
			sourceTree = "<group>";
		};
/* End PBXGroup section */

/* Begin PBXNativeTarget section */
		D2839A5D28236C120007BABB /* Stress Analyzer */ = {
			isa = PBXNativeTarget;
			buildConfigurationList = D2839A8228236C180007BABB /* Build configuration list for PBXNativeTarget "Stress Analyzer" */;
			buildPhases = (
				D2839A5A28236C120007BABB /* Sources */,
				D2839A5B28236C120007BABB /* Frameworks */,
				D2839A5C28236C120007BABB /* Resources */,
			);
			buildRules = (
			);
			dependencies = (
			);
			name = "Stress Analyzer";
			productName = "Stress Analyzer";
			productReference = D2839A5E28236C120007BABB /* Stress Analyzer.app */;
			productType = "com.apple.product-type.application";
		};
		D2839A6D28236C180007BABB /* Stress AnalyzerTests */ = {
			isa = PBXNativeTarget;
			buildConfigurationList = D2839A8528236C180007BABB /* Build configuration list for PBXNativeTarget "Stress AnalyzerTests" */;
			buildPhases = (
				D2839A6A28236C180007BABB /* Sources */,
				D2839A6B28236C180007BABB /* Frameworks */,
				D2839A6C28236C180007BABB /* Resources */,
			);
			buildRules = (
			);
			dependencies = (
				D2839A7028236C180007BABB /* PBXTargetDependency */,
			);
			name = "Stress AnalyzerTests";
			productName = "Stress AnalyzerTests";
			productReference = D2839A6E28236C180007BABB /* Stress AnalyzerTests.xctest */;
			productType = "com.apple.product-type.bundle.unit-test";
		};
		D2839A7728236C180007BABB /* Stress AnalyzerUITests */ = {
			isa = PBXNativeTarget;
			buildConfigurationList = D2839A8828236C180007BABB /* Build configuration list for PBXNativeTarget "Stress AnalyzerUITests" */;
			buildPhases = (
				D2839A7428236C180007BABB /* Sources */,
				D2839A7528236C180007BABB /* Frameworks */,
				D2839A7628236C180007BABB /* Resources */,
			);
			buildRules = (
			);
			dependencies = (
				D2839A7A28236C180007BABB /* PBXTargetDependency */,
			);
			name = "Stress AnalyzerUITests";
			productName = "Stress AnalyzerUITests";
			productReference = D2839A7828236C180007BABB /* Stress AnalyzerUITests.xctest */;
			productType = "com.apple.product-type.bundle.ui-testing";
		};
/* End PBXNativeTarget section */

/* Begin PBXProject section */
		D2839A5628236C120007BABB /* Project object */ = {
			isa = PBXProject;
			attributes = {
				BuildIndependentTargetsInParallel = 1;
				LastSwiftUpdateCheck = 1330;
				LastUpgradeCheck = 1330;
				TargetAttributes = {
					D2839A5D28236C120007BABB = {
						CreatedOnToolsVersion = 13.3.1;
					};
					D2839A6D28236C180007BABB = {
						CreatedOnToolsVersion = 13.3.1;
						TestTargetID = D2839A5D28236C120007BABB;
					};
					D2839A7728236C180007BABB = {
						CreatedOnToolsVersion = 13.3.1;
						TestTargetID = D2839A5D28236C120007BABB;
					};
				};
			};
			buildConfigurationList = D2839A5928236C120007BABB /* Build configuration list for PBXProject "Stress analyzer" */;
			compatibilityVersion = "Xcode 13.0";
			developmentRegion = en;
			hasScannedForEncodings = 0;
			knownRegions = (
				en,
				Base,
			);
			mainGroup = D2839A5528236C120007BABB;
			productRefGroup = D2839A5F28236C120007BABB /* Products */;
			projectDirPath = "";
			projectRoot = "";
			targets = (
				D2839A5D28236C120007BABB /* Stress Analyzer */,
				D2839A6D28236C180007BABB /* Stress AnalyzerTests */,
				D2839A7728236C180007BABB /* Stress AnalyzerUITests */,
			);
		};
/* End PBXProject section */

/* Begin PBXResourcesBuildPhase section */
		D2839A5C28236C120007BABB /* Resources */ = {
			isa = PBXResourcesBuildPhase;
			buildActionMask = 2147483647;
			files = (
				D2839A6928236C180007BABB /* Preview Assets.xcassets in Resources */,
				D2839A6628236C180007BABB /* Assets.xcassets in Resources */,
			);
			runOnlyForDeploymentPostprocessing = 0;
		};
		D2839A6C28236C180007BABB /* Resources */ = {
			isa = PBXResourcesBuildPhase;
			buildActionMask = 2147483647;
			files = (
			);
			runOnlyForDeploymentPostprocessing = 0;
		};
		D2839A7628236C180007BABB /* Resources */ = {
			isa = PBXResourcesBuildPhase;
			buildActionMask = 2147483647;
			files = (
			);
			runOnlyForDeploymentPostprocessing = 0;
		};
/* End PBXResourcesBuildPhase section */

/* Begin PBXSourcesBuildPhase section */
		D2839A5A28236C120007BABB /* Sources */ = {
			isa = PBXSourcesBuildPhase;
			buildActionMask = 2147483647;
			files = (
				D2839A9F282375A80007BABB /* SurveyViewModel.swift in Sources */,
				D2839A95282374F00007BABB /* SurveyResponse.swift in Sources */,
				D2839AA328237C390007BABB /* SurveyResponseViewModel.swift in Sources */,
				D2839A98282374F00007BABB /* ChartData.swift in Sources */,
				E33CA61628279D7B006DA080 /* BarGraphView.swift in Sources */,
				D2839A8C28236F2E0007BABB /* UserSearchView.swift in Sources */,
				D2F340452825721700DB74FB /* AnalyticsViewModel.swift in Sources */,
				D2839A9B282374F00007BABB /* Survey.swift in Sources */,
				D2839A6428236C120007BABB /* ContentView.swift in Sources */,
				D2839A6228236C120007BABB /* Stress_AnalyzerApp.swift in Sources */,
			);
			runOnlyForDeploymentPostprocessing = 0;
		};
		D2839A6A28236C180007BABB /* Sources */ = {
			isa = PBXSourcesBuildPhase;
			buildActionMask = 2147483647;
			files = (
				D2839AA428237C390007BABB /* SurveyResponseViewModel.swift in Sources */,
				D2839AA0282375A80007BABB /* SurveyViewModel.swift in Sources */,
				E33CA61728279D7B006DA080 /* BarGraphView.swift in Sources */,
				D2839A8D28236F2E0007BABB /* UserSearchView.swift in Sources */,
				D2839A7328236C180007BABB /* Stress_AnalyzerTests.swift in Sources */,
				D2839A9C282374F00007BABB /* Survey.swift in Sources */,
				D2839A99282374F00007BABB /* ChartData.swift in Sources */,
				D2839A96282374F00007BABB /* SurveyResponse.swift in Sources */,
				D2F340462825721700DB74FB /* AnalyticsViewModel.swift in Sources */,
			);
			runOnlyForDeploymentPostprocessing = 0;
		};
		D2839A7428236C180007BABB /* Sources */ = {
			isa = PBXSourcesBuildPhase;
			buildActionMask = 2147483647;
			files = (
				D2839AA1282375A80007BABB /* SurveyViewModel.swift in Sources */,
				D2839A97282374F00007BABB /* SurveyResponse.swift in Sources */,
				D2839AA528237C390007BABB /* SurveyResponseViewModel.swift in Sources */,
				D2839A9A282374F00007BABB /* ChartData.swift in Sources */,
				E33CA61828279D7B006DA080 /* BarGraphView.swift in Sources */,
				D2839A8E28236F2E0007BABB /* UserSearchView.swift in Sources */,
				D2F340472825721700DB74FB /* AnalyticsViewModel.swift in Sources */,
				D2839A9D282374F00007BABB /* Survey.swift in Sources */,
				D2839A7F28236C180007BABB /* Stress_AnalyzerUITestsLaunchTests.swift in Sources */,
				D2839A7D28236C180007BABB /* Stress_AnalyzerUITests.swift in Sources */,
			);
			runOnlyForDeploymentPostprocessing = 0;
		};
/* End PBXSourcesBuildPhase section */

/* Begin PBXTargetDependency section */
		D2839A7028236C180007BABB /* PBXTargetDependency */ = {
			isa = PBXTargetDependency;
			target = D2839A5D28236C120007BABB /* Stress Analyzer */;
			targetProxy = D2839A6F28236C180007BABB /* PBXContainerItemProxy */;
		};
		D2839A7A28236C180007BABB /* PBXTargetDependency */ = {
			isa = PBXTargetDependency;
			target = D2839A5D28236C120007BABB /* Stress Analyzer */;
			targetProxy = D2839A7928236C180007BABB /* PBXContainerItemProxy */;
		};
/* End PBXTargetDependency section */

/* Begin XCBuildConfiguration section */
		D2839A8028236C180007BABB /* Debug */ = {
			isa = XCBuildConfiguration;
			buildSettings = {
				ALWAYS_SEARCH_USER_PATHS = NO;
				CLANG_ANALYZER_NONNULL = YES;
				CLANG_ANALYZER_NUMBER_OBJECT_CONVERSION = YES_AGGRESSIVE;
				CLANG_CXX_LANGUAGE_STANDARD = "gnu++17";
				CLANG_ENABLE_MODULES = YES;
				CLANG_ENABLE_OBJC_ARC = YES;
				CLANG_ENABLE_OBJC_WEAK = YES;
				CLANG_WARN_BLOCK_CAPTURE_AUTORELEASING = YES;
				CLANG_WARN_BOOL_CONVERSION = YES;
				CLANG_WARN_COMMA = YES;
				CLANG_WARN_CONSTANT_CONVERSION = YES;
				CLANG_WARN_DEPRECATED_OBJC_IMPLEMENTATIONS = YES;
				CLANG_WARN_DIRECT_OBJC_ISA_USAGE = YES_ERROR;
				CLANG_WARN_DOCUMENTATION_COMMENTS = YES;
				CLANG_WARN_EMPTY_BODY = YES;
				CLANG_WARN_ENUM_CONVERSION = YES;
				CLANG_WARN_INFINITE_RECURSION = YES;
				CLANG_WARN_INT_CONVERSION = YES;
				CLANG_WARN_NON_LITERAL_NULL_CONVERSION = YES;
				CLANG_WARN_OBJC_IMPLICIT_RETAIN_SELF = YES;
				CLANG_WARN_OBJC_LITERAL_CONVERSION = YES;
				CLANG_WARN_OBJC_ROOT_CLASS = YES_ERROR;
				CLANG_WARN_QUOTED_INCLUDE_IN_FRAMEWORK_HEADER = YES;
				CLANG_WARN_RANGE_LOOP_ANALYSIS = YES;
				CLANG_WARN_STRICT_PROTOTYPES = YES;
				CLANG_WARN_SUSPICIOUS_MOVE = YES;
				CLANG_WARN_UNGUARDED_AVAILABILITY = YES_AGGRESSIVE;
				CLANG_WARN_UNREACHABLE_CODE = YES;
				CLANG_WARN__DUPLICATE_METHOD_MATCH = YES;
				COPY_PHASE_STRIP = NO;
				DEBUG_INFORMATION_FORMAT = dwarf;
				ENABLE_STRICT_OBJC_MSGSEND = YES;
				ENABLE_TESTABILITY = YES;
				GCC_C_LANGUAGE_STANDARD = gnu11;
				GCC_DYNAMIC_NO_PIC = NO;
				GCC_NO_COMMON_BLOCKS = YES;
				GCC_OPTIMIZATION_LEVEL = 0;
				GCC_PREPROCESSOR_DEFINITIONS = (
					"DEBUG=1",
					"$(inherited)",
				);
				GCC_WARN_64_TO_32_BIT_CONVERSION = YES;
				GCC_WARN_ABOUT_RETURN_TYPE = YES_ERROR;
				GCC_WARN_UNDECLARED_SELECTOR = YES;
				GCC_WARN_UNINITIALIZED_AUTOS = YES_AGGRESSIVE;
				GCC_WARN_UNUSED_FUNCTION = YES;
				GCC_WARN_UNUSED_VARIABLE = YES;
				IPHONEOS_DEPLOYMENT_TARGET = 15.4;
				MTL_ENABLE_DEBUG_INFO = INCLUDE_SOURCE;
				MTL_FAST_MATH = YES;
				ONLY_ACTIVE_ARCH = YES;
				SDKROOT = iphoneos;
				SWIFT_ACTIVE_COMPILATION_CONDITIONS = DEBUG;
				SWIFT_OPTIMIZATION_LEVEL = "-Onone";
			};
			name = Debug;
		};
		D2839A8128236C180007BABB /* Release */ = {
			isa = XCBuildConfiguration;
			buildSettings = {
				ALWAYS_SEARCH_USER_PATHS = NO;
				CLANG_ANALYZER_NONNULL = YES;
				CLANG_ANALYZER_NUMBER_OBJECT_CONVERSION = YES_AGGRESSIVE;
				CLANG_CXX_LANGUAGE_STANDARD = "gnu++17";
				CLANG_ENABLE_MODULES = YES;
				CLANG_ENABLE_OBJC_ARC = YES;
				CLANG_ENABLE_OBJC_WEAK = YES;
				CLANG_WARN_BLOCK_CAPTURE_AUTORELEASING = YES;
				CLANG_WARN_BOOL_CONVERSION = YES;
				CLANG_WARN_COMMA = YES;
				CLANG_WARN_CONSTANT_CONVERSION = YES;
				CLANG_WARN_DEPRECATED_OBJC_IMPLEMENTATIONS = YES;
				CLANG_WARN_DIRECT_OBJC_ISA_USAGE = YES_ERROR;
				CLANG_WARN_DOCUMENTATION_COMMENTS = YES;
				CLANG_WARN_EMPTY_BODY = YES;
				CLANG_WARN_ENUM_CONVERSION = YES;
				CLANG_WARN_INFINITE_RECURSION = YES;
				CLANG_WARN_INT_CONVERSION = YES;
				CLANG_WARN_NON_LITERAL_NULL_CONVERSION = YES;
				CLANG_WARN_OBJC_IMPLICIT_RETAIN_SELF = YES;
				CLANG_WARN_OBJC_LITERAL_CONVERSION = YES;
				CLANG_WARN_OBJC_ROOT_CLASS = YES_ERROR;
				CLANG_WARN_QUOTED_INCLUDE_IN_FRAMEWORK_HEADER = YES;
				CLANG_WARN_RANGE_LOOP_ANALYSIS = YES;
				CLANG_WARN_STRICT_PROTOTYPES = YES;
				CLANG_WARN_SUSPICIOUS_MOVE = YES;
				CLANG_WARN_UNGUARDED_AVAILABILITY = YES_AGGRESSIVE;
				CLANG_WARN_UNREACHABLE_CODE = YES;
				CLANG_WARN__DUPLICATE_METHOD_MATCH = YES;
				COPY_PHASE_STRIP = NO;
				DEBUG_INFORMATION_FORMAT = "dwarf-with-dsym";
				ENABLE_NS_ASSERTIONS = NO;
				ENABLE_STRICT_OBJC_MSGSEND = YES;
				GCC_C_LANGUAGE_STANDARD = gnu11;
				GCC_NO_COMMON_BLOCKS = YES;
				GCC_WARN_64_TO_32_BIT_CONVERSION = YES;
				GCC_WARN_ABOUT_RETURN_TYPE = YES_ERROR;
				GCC_WARN_UNDECLARED_SELECTOR = YES;
				GCC_WARN_UNINITIALIZED_AUTOS = YES_AGGRESSIVE;
				GCC_WARN_UNUSED_FUNCTION = YES;
				GCC_WARN_UNUSED_VARIABLE = YES;
				IPHONEOS_DEPLOYMENT_TARGET = 15.4;
				MTL_ENABLE_DEBUG_INFO = NO;
				MTL_FAST_MATH = YES;
				SDKROOT = iphoneos;
				SWIFT_COMPILATION_MODE = wholemodule;
				SWIFT_OPTIMIZATION_LEVEL = "-O";
				VALIDATE_PRODUCT = YES;
			};
			name = Release;
		};
		D2839A8328236C180007BABB /* Debug */ = {
			isa = XCBuildConfiguration;
			buildSettings = {
				ASSETCATALOG_COMPILER_APPICON_NAME = AppIcon;
				ASSETCATALOG_COMPILER_GLOBAL_ACCENT_COLOR_NAME = AccentColor;
				CODE_SIGN_STYLE = Automatic;
				CURRENT_PROJECT_VERSION = 1;
				DEVELOPMENT_ASSET_PATHS = "\"Stress Analyzer/Preview Content\"";
				DEVELOPMENT_TEAM = MMT58DHXG7;
				ENABLE_PREVIEWS = YES;
				GENERATE_INFOPLIST_FILE = YES;
				INFOPLIST_FILE = "Stress-Analyzer-Info.plist";
				INFOPLIST_KEY_UIApplicationSceneManifest_Generation = YES;
				INFOPLIST_KEY_UIApplicationSupportsIndirectInputEvents = YES;
				INFOPLIST_KEY_UILaunchScreen_Generation = YES;
				INFOPLIST_KEY_UISupportedInterfaceOrientations_iPad = "UIInterfaceOrientationPortrait UIInterfaceOrientationPortraitUpsideDown UIInterfaceOrientationLandscapeLeft UIInterfaceOrientationLandscapeRight";
				INFOPLIST_KEY_UISupportedInterfaceOrientations_iPhone = "UIInterfaceOrientationPortrait UIInterfaceOrientationLandscapeLeft UIInterfaceOrientationLandscapeRight";
				LD_RUNPATH_SEARCH_PATHS = (
					"$(inherited)",
					"@executable_path/Frameworks",
				);
				MARKETING_VERSION = 1.0;
				PRODUCT_BUNDLE_IDENTIFIER = "com.swiftware.Stress-Analyzer";
				PRODUCT_NAME = "$(TARGET_NAME)";
				SWIFT_EMIT_LOC_STRINGS = YES;
				SWIFT_VERSION = 5.0;
				TARGETED_DEVICE_FAMILY = "1,2";
			};
			name = Debug;
		};
		D2839A8428236C180007BABB /* Release */ = {
			isa = XCBuildConfiguration;
			buildSettings = {
				ASSETCATALOG_COMPILER_APPICON_NAME = AppIcon;
				ASSETCATALOG_COMPILER_GLOBAL_ACCENT_COLOR_NAME = AccentColor;
				CODE_SIGN_STYLE = Automatic;
				CURRENT_PROJECT_VERSION = 1;
				DEVELOPMENT_ASSET_PATHS = "\"Stress Analyzer/Preview Content\"";
				DEVELOPMENT_TEAM = MMT58DHXG7;
				ENABLE_PREVIEWS = YES;
				GENERATE_INFOPLIST_FILE = YES;
				INFOPLIST_FILE = "Stress-Analyzer-Info.plist";
				INFOPLIST_KEY_UIApplicationSceneManifest_Generation = YES;
				INFOPLIST_KEY_UIApplicationSupportsIndirectInputEvents = YES;
				INFOPLIST_KEY_UILaunchScreen_Generation = YES;
				INFOPLIST_KEY_UISupportedInterfaceOrientations_iPad = "UIInterfaceOrientationPortrait UIInterfaceOrientationPortraitUpsideDown UIInterfaceOrientationLandscapeLeft UIInterfaceOrientationLandscapeRight";
				INFOPLIST_KEY_UISupportedInterfaceOrientations_iPhone = "UIInterfaceOrientationPortrait UIInterfaceOrientationLandscapeLeft UIInterfaceOrientationLandscapeRight";
				LD_RUNPATH_SEARCH_PATHS = (
					"$(inherited)",
					"@executable_path/Frameworks",
				);
				MARKETING_VERSION = 1.0;
				PRODUCT_BUNDLE_IDENTIFIER = "com.swiftware.Stress-Analyzer";
				PRODUCT_NAME = "$(TARGET_NAME)";
				SWIFT_EMIT_LOC_STRINGS = YES;
				SWIFT_VERSION = 5.0;
				TARGETED_DEVICE_FAMILY = "1,2";
			};
			name = Release;
		};
		D2839A8628236C180007BABB /* Debug */ = {
			isa = XCBuildConfiguration;
			buildSettings = {
				ALWAYS_EMBED_SWIFT_STANDARD_LIBRARIES = YES;
				BUNDLE_LOADER = "$(TEST_HOST)";
				CODE_SIGN_STYLE = Automatic;
				CURRENT_PROJECT_VERSION = 1;
				DEVELOPMENT_TEAM = MMT58DHXG7;
				GENERATE_INFOPLIST_FILE = YES;
				IPHONEOS_DEPLOYMENT_TARGET = 15.4;
				MARKETING_VERSION = 1.0;
				PRODUCT_BUNDLE_IDENTIFIER = "com.swiftware.Stress-AnalyzerTests";
				PRODUCT_NAME = "$(TARGET_NAME)";
				SWIFT_EMIT_LOC_STRINGS = NO;
				SWIFT_VERSION = 5.0;
				TARGETED_DEVICE_FAMILY = "1,2";
				TEST_HOST = "$(BUILT_PRODUCTS_DIR)/Stress Analyzer.app/Stress Analyzer";
			};
			name = Debug;
		};
		D2839A8728236C180007BABB /* Release */ = {
			isa = XCBuildConfiguration;
			buildSettings = {
				ALWAYS_EMBED_SWIFT_STANDARD_LIBRARIES = YES;
				BUNDLE_LOADER = "$(TEST_HOST)";
				CODE_SIGN_STYLE = Automatic;
				CURRENT_PROJECT_VERSION = 1;
				DEVELOPMENT_TEAM = MMT58DHXG7;
				GENERATE_INFOPLIST_FILE = YES;
				IPHONEOS_DEPLOYMENT_TARGET = 15.4;
				MARKETING_VERSION = 1.0;
				PRODUCT_BUNDLE_IDENTIFIER = "com.swiftware.Stress-AnalyzerTests";
				PRODUCT_NAME = "$(TARGET_NAME)";
				SWIFT_EMIT_LOC_STRINGS = NO;
				SWIFT_VERSION = 5.0;
				TARGETED_DEVICE_FAMILY = "1,2";
				TEST_HOST = "$(BUILT_PRODUCTS_DIR)/Stress Analyzer.app/Stress Analyzer";
			};
			name = Release;
		};
		D2839A8928236C180007BABB /* Debug */ = {
			isa = XCBuildConfiguration;
			buildSettings = {
				ALWAYS_EMBED_SWIFT_STANDARD_LIBRARIES = YES;
				CODE_SIGN_STYLE = Automatic;
				CURRENT_PROJECT_VERSION = 1;
				DEVELOPMENT_TEAM = MMT58DHXG7;
				GENERATE_INFOPLIST_FILE = YES;
				MARKETING_VERSION = 1.0;
				PRODUCT_BUNDLE_IDENTIFIER = "com.swiftware.Stress-AnalyzerUITests";
				PRODUCT_NAME = "$(TARGET_NAME)";
				SWIFT_EMIT_LOC_STRINGS = NO;
				SWIFT_VERSION = 5.0;
				TARGETED_DEVICE_FAMILY = "1,2";
				TEST_TARGET_NAME = "Stress Analyzer";
			};
			name = Debug;
		};
		D2839A8A28236C180007BABB /* Release */ = {
			isa = XCBuildConfiguration;
			buildSettings = {
				ALWAYS_EMBED_SWIFT_STANDARD_LIBRARIES = YES;
				CODE_SIGN_STYLE = Automatic;
				CURRENT_PROJECT_VERSION = 1;
				DEVELOPMENT_TEAM = MMT58DHXG7;
				GENERATE_INFOPLIST_FILE = YES;
				MARKETING_VERSION = 1.0;
				PRODUCT_BUNDLE_IDENTIFIER = "com.swiftware.Stress-AnalyzerUITests";
				PRODUCT_NAME = "$(TARGET_NAME)";
				SWIFT_EMIT_LOC_STRINGS = NO;
				SWIFT_VERSION = 5.0;
				TARGETED_DEVICE_FAMILY = "1,2";
				TEST_TARGET_NAME = "Stress Analyzer";
			};
			name = Release;
		};
/* End XCBuildConfiguration section */

/* Begin XCConfigurationList section */
		D2839A5928236C120007BABB /* Build configuration list for PBXProject "Stress analyzer" */ = {
			isa = XCConfigurationList;
			buildConfigurations = (
				D2839A8028236C180007BABB /* Debug */,
				D2839A8128236C180007BABB /* Release */,
			);
			defaultConfigurationIsVisible = 0;
			defaultConfigurationName = Release;
		};
		D2839A8228236C180007BABB /* Build configuration list for PBXNativeTarget "Stress Analyzer" */ = {
			isa = XCConfigurationList;
			buildConfigurations = (
				D2839A8328236C180007BABB /* Debug */,
				D2839A8428236C180007BABB /* Release */,
			);
			defaultConfigurationIsVisible = 0;
			defaultConfigurationName = Release;
		};
		D2839A8528236C180007BABB /* Build configuration list for PBXNativeTarget "Stress AnalyzerTests" */ = {
			isa = XCConfigurationList;
			buildConfigurations = (
				D2839A8628236C180007BABB /* Debug */,
				D2839A8728236C180007BABB /* Release */,
			);
			defaultConfigurationIsVisible = 0;
			defaultConfigurationName = Release;
		};
		D2839A8828236C180007BABB /* Build configuration list for PBXNativeTarget "Stress AnalyzerUITests" */ = {
			isa = XCConfigurationList;
			buildConfigurations = (
				D2839A8928236C180007BABB /* Debug */,
				D2839A8A28236C180007BABB /* Release */,
			);
			defaultConfigurationIsVisible = 0;
			defaultConfigurationName = Release;
		};
/* End XCConfigurationList section */
	};
	rootObject = D2839A5628236C120007BABB /* Project object */;
}
